
Microsoft Visual Studio Solution File, Format Version 12.00
# Visual Studio Version 17
VisualStudioVersion = 17.6.33723.286
MinimumVisualStudioVersion = 10.0.40219.1
Project("{2150E333-8FDC-42A3-9474-1A3956D46DE8}") = "src", "src", "{2BE2F694-01AA-408F-BC9F-3F0DEBEF9DE3}"
EndProject
Project("{2150E333-8FDC-42A3-9474-1A3956D46DE8}") = "Services", "Services", "{5808B31F-2A6C-4DBA-875D-836B7C14B459}"
EndProject
Project("{2150E333-8FDC-42A3-9474-1A3956D46DE8}") = "BuildingBlocks", "BuildingBlocks", "{CC0628C9-2069-4D9F-B3E4-376B0F8B264D}"
EndProject
Project("{2150E333-8FDC-42A3-9474-1A3956D46DE8}") = "Account", "Account", "{2A8B365A-3DDA-4161-B312-57403A7D0753}"
EndProject
Project("{FAE04EC0-301F-11D3-BF4B-00C04F79EFBC}") = "Account.API", "src\Services\Account\Account.API\Account.API.csproj", "{0AF9439A-CA53-4627-BE86-17BE0B8D7F68}"
EndProject
Project("{FAE04EC0-301F-11D3-BF4B-00C04F79EFBC}") = "Account.Infrastructure", "src\Services\Account\Account.Infrastructure\Account.Infrastructure.csproj", "{8AD8B9F8-C770-4B02-BC08-F0184B404BBB}"
EndProject
Project("{FAE04EC0-301F-11D3-BF4B-00C04F79EFBC}") = "Account.Application", "src\Services\Account\Account.Application\Account.Application.csproj", "{CC900E69-13A9-4847-B7BB-3B3523A6FA12}"
EndProject
Project("{FAE04EC0-301F-11D3-BF4B-00C04F79EFBC}") = "Account.Domain", "src\Services\Account\Account.Domain\Account.Domain.csproj", "{9A74BE8F-92B8-4E67-BB46-383E742242A5}"
EndProject
Project("{2150E333-8FDC-42A3-9474-1A3956D46DE8}") = "Cart", "Cart", "{BB2CB0C3-CD08-466F-AA08-00CD8182C1DA}"
EndProject
Project("{FAE04EC0-301F-11D3-BF4B-00C04F79EFBC}") = "Cart.Application", "src\Services\Cart\Cart.Application\Cart.Application.csproj", "{1830DBDF-A416-4569-A5EA-C197AD9C81BF}"
EndProject
Project("{FAE04EC0-301F-11D3-BF4B-00C04F79EFBC}") = "Cart.Infrastructure", "src\Services\Cart\Cart.Infrastructure\Cart.Infrastructure.csproj", "{8F422915-7FBF-41E7-AD17-7B137852582B}"
EndProject
Project("{FAE04EC0-301F-11D3-BF4B-00C04F79EFBC}") = "Cart.Domain", "src\Services\Cart\Cart.Domain\Cart.Domain.csproj", "{282E55DB-3C14-42FD-A432-6EED2616DB1D}"
EndProject
Project("{2150E333-8FDC-42A3-9474-1A3956D46DE8}") = "Search", "Search", "{512E2DA0-EA6A-47D2-9757-79FC400F7215}"
EndProject
Project("{FAE04EC0-301F-11D3-BF4B-00C04F79EFBC}") = "Search.API", "src\Services\Search\Search.API\Search.API.csproj", "{B328D46C-6D95-4403-9E58-2BD7F9CAACE7}"
EndProject
Project("{FAE04EC0-301F-11D3-BF4B-00C04F79EFBC}") = "Cart.API", "src\Services\Cart\Cart.API\Cart.API.csproj", "{3521C73B-4DF4-4F86-B772-860D7A538302}"
EndProject
Project("{FAE04EC0-301F-11D3-BF4B-00C04F79EFBC}") = "Search.Application", "src\Services\Search\Search.Application\Search.Application.csproj", "{49A30897-ADD4-457A-8C27-E8B4FEB92CF4}"
EndProject
Project("{FAE04EC0-301F-11D3-BF4B-00C04F79EFBC}") = "Search.Domain", "src\Services\Search\Search.Domain\Search.Domain.csproj", "{65B9D316-AB8E-40A1-AA12-A7C956B0059A}"
EndProject
Project("{FAE04EC0-301F-11D3-BF4B-00C04F79EFBC}") = "Search.Infrastructure", "src\Services\Search\Search.Infrastructure\Search.Infrastructure.csproj", "{E921C91E-497B-4069-9663-53293C886E7B}"
EndProject
Project("{2150E333-8FDC-42A3-9474-1A3956D46DE8}") = "Purchase", "Purchase", "{B17BFD22-4F55-4873-B25C-5A2FE9773233}"
EndProject
Project("{FAE04EC0-301F-11D3-BF4B-00C04F79EFBC}") = "Purchase.API", "src\Services\Purchase\Purchase.API\Purchase.API.csproj", "{DB52A32E-B238-4A41-B085-467567C970DB}"
EndProject
Project("{2150E333-8FDC-42A3-9474-1A3956D46DE8}") = "Identity", "Identity", "{52BBBCBE-3128-452D-89F6-899294AA0179}"
EndProject
Project("{FAE04EC0-301F-11D3-BF4B-00C04F79EFBC}") = "Purchase.Domain", "src\Services\Purchase\Purchase.Domain\Purchase.Domain.csproj", "{B960674E-2210-41F2-AA7F-9FD3160E8FF8}"
EndProject
Project("{FAE04EC0-301F-11D3-BF4B-00C04F79EFBC}") = "Purchase.Application", "src\Services\Purchase\Purchase.Application\Purchase.Application.csproj", "{B8EF6B4B-0803-4180-A029-5E7CAD624A42}"
EndProject
Project("{FAE04EC0-301F-11D3-BF4B-00C04F79EFBC}") = "Purchase.Infrastructure", "src\Services\Purchase\Purchase.Infrastructure\Purchase.Infrastructure.csproj", "{A3746232-0BD1-435E-9B0E-5B70F82A52C5}"
EndProject
Project("{FAE04EC0-301F-11D3-BF4B-00C04F79EFBC}") = "EventBus", "src\BuildingBlocks\EventBus\EventBus\EventBus.csproj", "{CA9A2404-2256-407B-B108-F7B33D58AFA4}"
EndProject
Project("{FAE04EC0-301F-11D3-BF4B-00C04F79EFBC}") = "EventBusRabbitMQ", "src\BuildingBlocks\EventBusRabbitMQ\EventBusRabbitMQ.csproj", "{EFB71D75-A865-4879-B6E1-7CBEDAF0009C}"
EndProject
Global
	GlobalSection(SolutionConfigurationPlatforms) = preSolution
		Debug|Any CPU = Debug|Any CPU
		Release|Any CPU = Release|Any CPU
	EndGlobalSection
	GlobalSection(ProjectConfigurationPlatforms) = postSolution
		{0AF9439A-CA53-4627-BE86-17BE0B8D7F68}.Debug|Any CPU.ActiveCfg = Debug|Any CPU
		{0AF9439A-CA53-4627-BE86-17BE0B8D7F68}.Debug|Any CPU.Build.0 = Debug|Any CPU
		{0AF9439A-CA53-4627-BE86-17BE0B8D7F68}.Release|Any CPU.ActiveCfg = Release|Any CPU
		{0AF9439A-CA53-4627-BE86-17BE0B8D7F68}.Release|Any CPU.Build.0 = Release|Any CPU
		{8AD8B9F8-C770-4B02-BC08-F0184B404BBB}.Debug|Any CPU.ActiveCfg = Debug|Any CPU
		{8AD8B9F8-C770-4B02-BC08-F0184B404BBB}.Debug|Any CPU.Build.0 = Debug|Any CPU
		{8AD8B9F8-C770-4B02-BC08-F0184B404BBB}.Release|Any CPU.ActiveCfg = Release|Any CPU
		{8AD8B9F8-C770-4B02-BC08-F0184B404BBB}.Release|Any CPU.Build.0 = Release|Any CPU
		{CC900E69-13A9-4847-B7BB-3B3523A6FA12}.Debug|Any CPU.ActiveCfg = Debug|Any CPU
		{CC900E69-13A9-4847-B7BB-3B3523A6FA12}.Debug|Any CPU.Build.0 = Debug|Any CPU
		{CC900E69-13A9-4847-B7BB-3B3523A6FA12}.Release|Any CPU.ActiveCfg = Release|Any CPU
		{CC900E69-13A9-4847-B7BB-3B3523A6FA12}.Release|Any CPU.Build.0 = Release|Any CPU
		{9A74BE8F-92B8-4E67-BB46-383E742242A5}.Debug|Any CPU.ActiveCfg = Debug|Any CPU
		{9A74BE8F-92B8-4E67-BB46-383E742242A5}.Debug|Any CPU.Build.0 = Debug|Any CPU
		{9A74BE8F-92B8-4E67-BB46-383E742242A5}.Release|Any CPU.ActiveCfg = Release|Any CPU
		{9A74BE8F-92B8-4E67-BB46-383E742242A5}.Release|Any CPU.Build.0 = Release|Any CPU
		{1830DBDF-A416-4569-A5EA-C197AD9C81BF}.Debug|Any CPU.ActiveCfg = Debug|Any CPU
		{1830DBDF-A416-4569-A5EA-C197AD9C81BF}.Debug|Any CPU.Build.0 = Debug|Any CPU
		{1830DBDF-A416-4569-A5EA-C197AD9C81BF}.Release|Any CPU.ActiveCfg = Release|Any CPU
		{1830DBDF-A416-4569-A5EA-C197AD9C81BF}.Release|Any CPU.Build.0 = Release|Any CPU
		{8F422915-7FBF-41E7-AD17-7B137852582B}.Debug|Any CPU.ActiveCfg = Debug|Any CPU
		{8F422915-7FBF-41E7-AD17-7B137852582B}.Debug|Any CPU.Build.0 = Debug|Any CPU
		{8F422915-7FBF-41E7-AD17-7B137852582B}.Release|Any CPU.ActiveCfg = Release|Any CPU
		{8F422915-7FBF-41E7-AD17-7B137852582B}.Release|Any CPU.Build.0 = Release|Any CPU
		{282E55DB-3C14-42FD-A432-6EED2616DB1D}.Debug|Any CPU.ActiveCfg = Debug|Any CPU
		{282E55DB-3C14-42FD-A432-6EED2616DB1D}.Debug|Any CPU.Build.0 = Debug|Any CPU
		{282E55DB-3C14-42FD-A432-6EED2616DB1D}.Release|Any CPU.ActiveCfg = Release|Any CPU
		{282E55DB-3C14-42FD-A432-6EED2616DB1D}.Release|Any CPU.Build.0 = Release|Any CPU
		{B328D46C-6D95-4403-9E58-2BD7F9CAACE7}.Debug|Any CPU.ActiveCfg = Debug|Any CPU
		{B328D46C-6D95-4403-9E58-2BD7F9CAACE7}.Debug|Any CPU.Build.0 = Debug|Any CPU
		{B328D46C-6D95-4403-9E58-2BD7F9CAACE7}.Release|Any CPU.ActiveCfg = Release|Any CPU
		{B328D46C-6D95-4403-9E58-2BD7F9CAACE7}.Release|Any CPU.Build.0 = Release|Any CPU
		{3521C73B-4DF4-4F86-B772-860D7A538302}.Debug|Any CPU.ActiveCfg = Debug|Any CPU
		{3521C73B-4DF4-4F86-B772-860D7A538302}.Debug|Any CPU.Build.0 = Debug|Any CPU
		{3521C73B-4DF4-4F86-B772-860D7A538302}.Release|Any CPU.ActiveCfg = Release|Any CPU
		{3521C73B-4DF4-4F86-B772-860D7A538302}.Release|Any CPU.Build.0 = Release|Any CPU
		{49A30897-ADD4-457A-8C27-E8B4FEB92CF4}.Debug|Any CPU.ActiveCfg = Debug|Any CPU
		{49A30897-ADD4-457A-8C27-E8B4FEB92CF4}.Debug|Any CPU.Build.0 = Debug|Any CPU
		{49A30897-ADD4-457A-8C27-E8B4FEB92CF4}.Release|Any CPU.ActiveCfg = Release|Any CPU
		{49A30897-ADD4-457A-8C27-E8B4FEB92CF4}.Release|Any CPU.Build.0 = Release|Any CPU
		{65B9D316-AB8E-40A1-AA12-A7C956B0059A}.Debug|Any CPU.ActiveCfg = Debug|Any CPU
		{65B9D316-AB8E-40A1-AA12-A7C956B0059A}.Debug|Any CPU.Build.0 = Debug|Any CPU
		{65B9D316-AB8E-40A1-AA12-A7C956B0059A}.Release|Any CPU.ActiveCfg = Release|Any CPU
		{65B9D316-AB8E-40A1-AA12-A7C956B0059A}.Release|Any CPU.Build.0 = Release|Any CPU
		{E921C91E-497B-4069-9663-53293C886E7B}.Debug|Any CPU.ActiveCfg = Debug|Any CPU
		{E921C91E-497B-4069-9663-53293C886E7B}.Debug|Any CPU.Build.0 = Debug|Any CPU
		{E921C91E-497B-4069-9663-53293C886E7B}.Release|Any CPU.ActiveCfg = Release|Any CPU
		{E921C91E-497B-4069-9663-53293C886E7B}.Release|Any CPU.Build.0 = Release|Any CPU
		{DB52A32E-B238-4A41-B085-467567C970DB}.Debug|Any CPU.ActiveCfg = Debug|Any CPU
		{DB52A32E-B238-4A41-B085-467567C970DB}.Debug|Any CPU.Build.0 = Debug|Any CPU
		{DB52A32E-B238-4A41-B085-467567C970DB}.Release|Any CPU.ActiveCfg = Release|Any CPU
		{DB52A32E-B238-4A41-B085-467567C970DB}.Release|Any CPU.Build.0 = Release|Any CPU
		{B960674E-2210-41F2-AA7F-9FD3160E8FF8}.Debug|Any CPU.ActiveCfg = Debug|Any CPU
		{B960674E-2210-41F2-AA7F-9FD3160E8FF8}.Debug|Any CPU.Build.0 = Debug|Any CPU
		{B960674E-2210-41F2-AA7F-9FD3160E8FF8}.Release|Any CPU.ActiveCfg = Release|Any CPU
		{B960674E-2210-41F2-AA7F-9FD3160E8FF8}.Release|Any CPU.Build.0 = Release|Any CPU
		{B8EF6B4B-0803-4180-A029-5E7CAD624A42}.Debug|Any CPU.ActiveCfg = Debug|Any CPU
		{B8EF6B4B-0803-4180-A029-5E7CAD624A42}.Debug|Any CPU.Build.0 = Debug|Any CPU
		{B8EF6B4B-0803-4180-A029-5E7CAD624A42}.Release|Any CPU.ActiveCfg = Release|Any CPU
		{B8EF6B4B-0803-4180-A029-5E7CAD624A42}.Release|Any CPU.Build.0 = Release|Any CPU
		{A3746232-0BD1-435E-9B0E-5B70F82A52C5}.Debug|Any CPU.ActiveCfg = Debug|Any CPU
		{A3746232-0BD1-435E-9B0E-5B70F82A52C5}.Debug|Any CPU.Build.0 = Debug|Any CPU
		{A3746232-0BD1-435E-9B0E-5B70F82A52C5}.Release|Any CPU.ActiveCfg = Release|Any CPU
		{A3746232-0BD1-435E-9B0E-5B70F82A52C5}.Release|Any CPU.Build.0 = Release|Any CPU
		{CA9A2404-2256-407B-B108-F7B33D58AFA4}.Debug|Any CPU.ActiveCfg = Debug|Any CPU
		{CA9A2404-2256-407B-B108-F7B33D58AFA4}.Debug|Any CPU.Build.0 = Debug|Any CPU
		{CA9A2404-2256-407B-B108-F7B33D58AFA4}.Release|Any CPU.ActiveCfg = Release|Any CPU
		{CA9A2404-2256-407B-B108-F7B33D58AFA4}.Release|Any CPU.Build.0 = Release|Any CPU
		{EFB71D75-A865-4879-B6E1-7CBEDAF0009C}.Debug|Any CPU.ActiveCfg = Debug|Any CPU
		{EFB71D75-A865-4879-B6E1-7CBEDAF0009C}.Debug|Any CPU.Build.0 = Debug|Any CPU
		{EFB71D75-A865-4879-B6E1-7CBEDAF0009C}.Release|Any CPU.ActiveCfg = Release|Any CPU
		{EFB71D75-A865-4879-B6E1-7CBEDAF0009C}.Release|Any CPU.Build.0 = Release|Any CPU
	EndGlobalSection
	GlobalSection(SolutionProperties) = preSolution
		HideSolutionNode = FALSE
	EndGlobalSection
	GlobalSection(NestedProjects) = preSolution
		{5808B31F-2A6C-4DBA-875D-836B7C14B459} = {2BE2F694-01AA-408F-BC9F-3F0DEBEF9DE3}
		{CC0628C9-2069-4D9F-B3E4-376B0F8B264D} = {2BE2F694-01AA-408F-BC9F-3F0DEBEF9DE3}
		{2A8B365A-3DDA-4161-B312-57403A7D0753} = {5808B31F-2A6C-4DBA-875D-836B7C14B459}
		{0AF9439A-CA53-4627-BE86-17BE0B8D7F68} = {2A8B365A-3DDA-4161-B312-57403A7D0753}
		{8AD8B9F8-C770-4B02-BC08-F0184B404BBB} = {2A8B365A-3DDA-4161-B312-57403A7D0753}
		{CC900E69-13A9-4847-B7BB-3B3523A6FA12} = {2A8B365A-3DDA-4161-B312-57403A7D0753}
		{9A74BE8F-92B8-4E67-BB46-383E742242A5} = {2A8B365A-3DDA-4161-B312-57403A7D0753}
		{BB2CB0C3-CD08-466F-AA08-00CD8182C1DA} = {5808B31F-2A6C-4DBA-875D-836B7C14B459}
		{1830DBDF-A416-4569-A5EA-C197AD9C81BF} = {BB2CB0C3-CD08-466F-AA08-00CD8182C1DA}
		{8F422915-7FBF-41E7-AD17-7B137852582B} = {BB2CB0C3-CD08-466F-AA08-00CD8182C1DA}
		{282E55DB-3C14-42FD-A432-6EED2616DB1D} = {BB2CB0C3-CD08-466F-AA08-00CD8182C1DA}
		{512E2DA0-EA6A-47D2-9757-79FC400F7215} = {5808B31F-2A6C-4DBA-875D-836B7C14B459}
		{B328D46C-6D95-4403-9E58-2BD7F9CAACE7} = {512E2DA0-EA6A-47D2-9757-79FC400F7215}
		{3521C73B-4DF4-4F86-B772-860D7A538302} = {BB2CB0C3-CD08-466F-AA08-00CD8182C1DA}
		{49A30897-ADD4-457A-8C27-E8B4FEB92CF4} = {512E2DA0-EA6A-47D2-9757-79FC400F7215}
		{65B9D316-AB8E-40A1-AA12-A7C956B0059A} = {512E2DA0-EA6A-47D2-9757-79FC400F7215}
		{E921C91E-497B-4069-9663-53293C886E7B} = {512E2DA0-EA6A-47D2-9757-79FC400F7215}
		{B17BFD22-4F55-4873-B25C-5A2FE9773233} = {5808B31F-2A6C-4DBA-875D-836B7C14B459}
		{DB52A32E-B238-4A41-B085-467567C970DB} = {B17BFD22-4F55-4873-B25C-5A2FE9773233}
		{52BBBCBE-3128-452D-89F6-899294AA0179} = {5808B31F-2A6C-4DBA-875D-836B7C14B459}
		{B960674E-2210-41F2-AA7F-9FD3160E8FF8} = {B17BFD22-4F55-4873-B25C-5A2FE9773233}
		{B8EF6B4B-0803-4180-A029-5E7CAD624A42} = {B17BFD22-4F55-4873-B25C-5A2FE9773233}
		{A3746232-0BD1-435E-9B0E-5B70F82A52C5} = {B17BFD22-4F55-4873-B25C-5A2FE9773233}
		{CA9A2404-2256-407B-B108-F7B33D58AFA4} = {CC0628C9-2069-4D9F-B3E4-376B0F8B264D}
		{EFB71D75-A865-4879-B6E1-7CBEDAF0009C} = {CC0628C9-2069-4D9F-B3E4-376B0F8B264D}
	EndGlobalSection
	GlobalSection(ExtensibilityGlobals) = postSolution
		SolutionGuid = {7D28D634-BDCB-485A-B1A3-6A19EA938C04}
	EndGlobalSection
EndGlobal
